{
  "name": "syncpoly-cloudfront-folder-router",
  "version": "1.0.0",
  "lockfileVersion": 3,
  "requires": true,
  "packages": {
    "": {
      "name": "syncpoly-cloudfront-folder-router",
      "version": "1.0.0",
      "bin": {
        "syncpoly-site": "bin/syncpoly-site.js"
      },
      "engines": {
        "node": ">=20"
      }
    }
  }
}
